schema: '2.0'
stages:
  data:
    cmd: python src/sns_mlops/data.py --dataset-name NOSIBLE/financial-sentiment
      --output-root data/processed --seed 42 --test-size 0.1 --val-size 0.1 
      --small-size 2000 --dev-size 10000
    deps:
    - path: requirements.txt
      hash: md5
      md5: 0bf0a7e1390d5229a59fb38c31bec354
      size: 153
    - path: src/sns_mlops/data.py
      hash: md5
      md5: 5542fc65c654e9763951fbfb04110a75
      size: 15778
    outs:
    - path: data/processed/dev
      hash: md5
      md5: 36263504a5dc5befac7507f56fe1ed1f.dir
      size: 3903049
      nfiles: 4
    - path: data/processed/full
      hash: md5
      md5: 8f172329a669b53217d2f273ed498338.dir
      size: 38553820
      nfiles: 4
    - path: data/processed/small
      hash: md5
      md5: 5bb297b40d20b3e191c3945e19d9d0df.dir
      size: 787566
      nfiles: 4
