schema: '2.0'
stages:
  data:
    cmd: python src/sns_mlops/data.py --dataset-name NOSIBLE/financial-sentiment
      --output-root data/processed --seed 42 --test-size 0.1 --val-size 0.1 
      --small-size 2000 --dev-size 10000
    deps:
    - path: requirements.txt
      hash: md5
      md5: e5ecbad7023faff6f968fe2db9b7c300
      size: 194
    - path: src/sns_mlops/data.py
      hash: md5
      md5: fc9d595cbfc5e1286ebbc3cb27d3d363
      size: 19922
    outs:
    - path: data/processed/dev
      hash: md5
      files:
      - relpath: metadata.json
        md5: b68683c1ac02d3c2c7503372c9271a6e
        size: 1921
        cloud:
          remote_storage:
            etag: 08e69b90c8909c92031001
            version_id: '1768981216366054'
      - relpath: test.parquet
        md5: 114b36e477c6532d6e7bb5f70f614d59
        size: 385800
        cloud:
          remote_storage:
            etag: 08b39cdfca909c92031001
            version_id: '1768981221854771'
      - relpath: train.parquet
        md5: 5f741cef07da907e635792c4fd697b1c
        size: 3116387
        cloud:
          remote_storage:
            etag: 08baeadccd909c92031001
            version_id: '1768981228107066'
      - relpath: val.parquet
        md5: 9b5964e422ff13112a2c90b12544bee3
        size: 398942
        cloud:
          remote_storage:
            etag: 08b8d595ca909c92031001
            version_id: '1768981220649656'
    - path: data/processed/full
      hash: md5
      files:
      - relpath: metadata.json
        md5: a37cc715562f6ce5d2238f1cb8ebf970
        size: 1924
        cloud:
          remote_storage:
            etag: 08c5dedcc8909c92031001
            version_id: '1768981217619781'
      - relpath: test.parquet
        md5: 25f6ede473cf5a410a449b883e53c568
        size: 3888476
        cloud:
          remote_storage:
            etag: 0887f7e2d0909c92031001
            version_id: '1768981234498439'
      - relpath: train.parquet
        md5: 83221c8581fda2e32fe84a9bc68d41c6
        size: 30798951
        cloud:
          remote_storage:
            etag: 08e7cce4de909c92031001
            version_id: '1768981263885927'
      - relpath: val.parquet
        md5: c94bd9b10c3a8dc23ed7abcc0c1b6e8b
        size: 3864470
        cloud:
          remote_storage:
            etag: 08ffebc7d0909c92031001
            version_id: '1768981234054655'
    - path: data/processed/small
      hash: md5
      files:
      - relpath: metadata.json
        md5: d40bb53379a6551507eb8aeed6110839
        size: 1920
        cloud:
          remote_storage:
            etag: 08f5e087c8909c92031001
            version_id: '1768981216227445'
      - relpath: test.parquet
        md5: 9444a1386787e4678a9fd4bffa4bc47e
        size: 79348
        cloud:
          remote_storage:
            etag: 08e0aedcc7909c92031001
            version_id: '1768981215516512'
      - relpath: train.parquet
        md5: 7548965ce6beae721ad0ad21782eb353
        size: 624127
        cloud:
          remote_storage:
            etag: 08b69efec8909c92031001
            version_id: '1768981218168630'
      - relpath: val.parquet
        md5: 43850bff8fa66a4dca0a216a4a6e18aa
        size: 82172
        cloud:
          remote_storage:
            etag: 08d3cc84c9909c92031001
            version_id: '1768981218272851'
  train:
    cmd: python -m sns_mlops.train --tier small --processed-root data/processed 
      --output-dir models/finbert --seed 42 --num-train-epochs 1 --max-length 64
      --per-device-train-batch-size 4 --per-device-eval-batch-size 8 
      --max-train-samples 64 --max-eval-samples 64 --max-test-samples 64 
      --save-total-limit 1 --save-model --no-save-checkpoints
    deps:
    - path: data/processed
      hash: md5
    - path: requirements.txt
      hash: md5
      md5: 0bf0a7e1390d5229a59fb38c31bec354
      size: 153
    - path: src/sns_mlops/model.py
      hash: md5
      md5: a256c3a89a45e680008314f6d06c02b3
      size: 5628
    - path: src/sns_mlops/train.py
      hash: md5
      md5: 787fd5ac4ada39865625ef6cdd1518bd
      size: 14057
    outs:
    - path: models/finbert/small/metrics.json
      hash: md5
      md5: 34311fbc6a73169704b351176253e493
      size: 711
    - path: models/finbert/small/run_config.json
      hash: md5
      md5: 69a01ba2d58f44c4a752c09b9280c6df
      size: 7165
    - path: models/finbert/small/train.log
      hash: md5
      md5: e94fd22f36ff3ce0277aa38b9296664a
      size: 473
